{
  "object": {
    "pins": [
      {
        "package": "BottomSheet",
        "repositoryURL": "https://github.com/adamfootdev/BottomSheet.git",
        "state": {
          "branch": "main",
          "revision": "6772d56b8bf082dd25565d13d0d5603e969d33b8",
          "version": null
        }
      },
      {
        "package": "FocusEntity",
        "repositoryURL": "https://github.com/maxxfrazer/FocusEntity",
        "state": {
          "branch": "main",
          "revision": "615af712434dcf0e4800909f6291d6a6a088b754",
          "version": null
        }
      },
      {
        "package": "LBAR",
        "repositoryURL": "https://github.com/Mist3r-R/location-based-ar.git",
        "state": {
          "branch": "master",
          "revision": "61c72da2cbcfe19e014b8e15d2879631ecfcdcb4",
          "version": null
        }
      },
      {
        "package": "RKPointPin",
        "repositoryURL": "https://github.com/maxxfrazer/RKPointPin.git",
        "state": {
          "branch": "master",
          "revision": "1f21466ea044057fc525655d71fee93267211a9c",
          "version": null
        }
      }
    ]
  },
  "version": 1
}
